
Microsoft Visual Studio Solution File, Format Version 12.00
Project("{FAE04EC0-301F-11D3-BF4B-00C04F79EFBC}") = "ExcelToCSV", "ExcelToCSV\ExcelToCSV.csproj", "{46FFDA37-320B-4BDB-A258-DA7385911407}"
EndProject
Global
	GlobalSection(SolutionConfigurationPlatforms) = preSolution
		Debug|Any CPU = Debug|Any CPU
		Release|Any CPU = Release|Any CPU
	EndGlobalSection
	GlobalSection(ProjectConfigurationPlatforms) = postSolution
		{46FFDA37-320B-4BDB-A258-DA7385911407}.Debug|Any CPU.ActiveCfg = Debug|Any CPU
		{46FFDA37-320B-4BDB-A258-DA7385911407}.Debug|Any CPU.Build.0 = Debug|Any CPU
		{46FFDA37-320B-4BDB-A258-DA7385911407}.Release|Any CPU.ActiveCfg = Release|Any CPU
		{46FFDA37-320B-4BDB-A258-DA7385911407}.Release|Any CPU.Build.0 = Release|Any CPU
	EndGlobalSection
EndGlobal
